
Microsoft Visual Studio Solution File, Format Version 12.00
# Visual Studio 14
VisualStudioVersion = 14.0.23107.0
MinimumVisualStudioVersion = 10.0.40219.1
Project("{FAE04EC0-301F-11D3-BF4B-00C04F79EFBC}") = "MyMVCApp", "MyMVCApp\MyMVCApp.csproj", "{DCCFEA23-FF55-4902-AFC8-E3D4DF63832B}"
EndProject
Project("{FAE04EC0-301F-11D3-BF4B-00C04F79EFBC}") = "MyMVCAppUnitTest", "MyMVCAppUnitTest\MyMVCAppUnitTest.csproj", "{4A469604-94CC-48AB-8BB6-8EE4466EEFA5}"
EndProject
Global
	GlobalSection(SolutionConfigurationPlatforms) = preSolution
		Debug|Any CPU = Debug|Any CPU
		Release|Any CPU = Release|Any CPU
	EndGlobalSection
	GlobalSection(ProjectConfigurationPlatforms) = postSolution
		{DCCFEA23-FF55-4902-AFC8-E3D4DF63832B}.Debug|Any CPU.ActiveCfg = Debug|Any CPU
		{DCCFEA23-FF55-4902-AFC8-E3D4DF63832B}.Debug|Any CPU.Build.0 = Debug|Any CPU
		{DCCFEA23-FF55-4902-AFC8-E3D4DF63832B}.Release|Any CPU.ActiveCfg = Release|Any CPU
		{DCCFEA23-FF55-4902-AFC8-E3D4DF63832B}.Release|Any CPU.Build.0 = Release|Any CPU
		{4A469604-94CC-48AB-8BB6-8EE4466EEFA5}.Debug|Any CPU.ActiveCfg = Debug|Any CPU
		{4A469604-94CC-48AB-8BB6-8EE4466EEFA5}.Debug|Any CPU.Build.0 = Debug|Any CPU
		{4A469604-94CC-48AB-8BB6-8EE4466EEFA5}.Release|Any CPU.ActiveCfg = Release|Any CPU
		{4A469604-94CC-48AB-8BB6-8EE4466EEFA5}.Release|Any CPU.Build.0 = Release|Any CPU
	EndGlobalSection
	GlobalSection(SolutionProperties) = preSolution
		HideSolutionNode = FALSE
	EndGlobalSection
EndGlobal
